PODS:
  - FlutterMacOS (1.0.0)
  - rhttp (0.0.1):
    - FlutterMacOS

DEPENDENCIES:
  - FlutterMacOS (from `Flutter/ephemeral`)
  - rhttp (from `Flutter/ephemeral/.symlinks/plugins/rhttp/macos`)

EXTERNAL SOURCES:
  FlutterMacOS:
    :path: Flutter/ephemeral
  rhttp:
    :path: Flutter/ephemeral/.symlinks/plugins/rhttp/macos

SPEC CHECKSUMS:
  FlutterMacOS: 8f6f14fa908a6fb3fba0cd85dbd81ec4b251fb24
  rhttp: 337afda4c3e4df31087160719ffca6452c225cc2

PODFILE CHECKSUM: 236401fc2c932af29a9fcf0e97baeeb2d750d367

COCOAPODS: 1.15.2
